
Microsoft Visual Studio Solution File, Format Version 12.00
# Visual Studio 15
VisualStudioVersion = 15.0.28307.852
MinimumVisualStudioVersion = 10.0.40219.1
Project("{9092AA53-FB77-4645-B42D-1CCCA6BD08BD}") = "helloWorld", "NodejsWebApp1\helloWorld.njsproj", "{B6428CFE-710E-4299-A856-7428691A05FF}"
EndProject
Global
	GlobalSection(SolutionConfigurationPlatforms) = preSolution
		Debug|Any CPU = Debug|Any CPU
		Release|Any CPU = Release|Any CPU
	EndGlobalSection
	GlobalSection(ProjectConfigurationPlatforms) = postSolution
		{B6428CFE-710E-4299-A856-7428691A05FF}.Debug|Any CPU.ActiveCfg = Debug|Any CPU
		{B6428CFE-710E-4299-A856-7428691A05FF}.Debug|Any CPU.Build.0 = Debug|Any CPU
		{B6428CFE-710E-4299-A856-7428691A05FF}.Release|Any CPU.ActiveCfg = Release|Any CPU
		{B6428CFE-710E-4299-A856-7428691A05FF}.Release|Any CPU.Build.0 = Release|Any CPU
	EndGlobalSection
	GlobalSection(SolutionProperties) = preSolution
		HideSolutionNode = FALSE
	EndGlobalSection
	GlobalSection(ExtensibilityGlobals) = postSolution
		SolutionGuid = {848800DA-3E74-4946-A31E-9196FF3BF972}
	EndGlobalSection
EndGlobal
